
Microsoft Visual Studio Solution File, Format Version 12.00
# Visual Studio Version 17
VisualStudioVersion = 17.13.35806.99 d17.13
MinimumVisualStudioVersion = 10.0.40219.1
Project("{FAE04EC0-301F-11D3-BF4B-00C04F79EFBC}") = "Lab1", "Lab1\Lab1.csproj", "{A031FE23-B3B8-4A5E-A977-7C6F702FAF0A}"
EndProject
Global
	GlobalSection(SolutionConfigurationPlatforms) = preSolution
		Debug|Any CPU = Debug|Any CPU
		Release|Any CPU = Release|Any CPU
	EndGlobalSection
	GlobalSection(ProjectConfigurationPlatforms) = postSolution
		{A031FE23-B3B8-4A5E-A977-7C6F702FAF0A}.Debug|Any CPU.ActiveCfg = Debug|Any CPU
		{A031FE23-B3B8-4A5E-A977-7C6F702FAF0A}.Debug|Any CPU.Build.0 = Debug|Any CPU
		{A031FE23-B3B8-4A5E-A977-7C6F702FAF0A}.Release|Any CPU.ActiveCfg = Release|Any CPU
		{A031FE23-B3B8-4A5E-A977-7C6F702FAF0A}.Release|Any CPU.Build.0 = Release|Any CPU
	EndGlobalSection
	GlobalSection(SolutionProperties) = preSolution
		HideSolutionNode = FALSE
	EndGlobalSection
	GlobalSection(ExtensibilityGlobals) = postSolution
		SolutionGuid = {22307C50-DBFD-4DCF-951C-8CD76A4F857E}
	EndGlobalSection
EndGlobal
